
Microsoft Visual Studio Solution File, Format Version 12.00
# Visual Studio Version 17
VisualStudioVersion = 17.0.32014.148
MinimumVisualStudioVersion = 10.0.40219.1
Project("{FAE04EC0-301F-11D3-BF4B-00C04F79EFBC}") = "FinalProject", "FinalProject\FinalProject.csproj", "{6316A94D-66D0-40EC-A6E3-C80849C7983E}"
EndProject
Global
	GlobalSection(SolutionConfigurationPlatforms) = preSolution
		Debug|Any CPU = Debug|Any CPU
		Release|Any CPU = Release|Any CPU
	EndGlobalSection
	GlobalSection(ProjectConfigurationPlatforms) = postSolution
		{6316A94D-66D0-40EC-A6E3-C80849C7983E}.Debug|Any CPU.ActiveCfg = Debug|Any CPU
		{6316A94D-66D0-40EC-A6E3-C80849C7983E}.Debug|Any CPU.Build.0 = Debug|Any CPU
		{6316A94D-66D0-40EC-A6E3-C80849C7983E}.Release|Any CPU.ActiveCfg = Release|Any CPU
		{6316A94D-66D0-40EC-A6E3-C80849C7983E}.Release|Any CPU.Build.0 = Release|Any CPU
	EndGlobalSection
	GlobalSection(SolutionProperties) = preSolution
		HideSolutionNode = FALSE
	EndGlobalSection
	GlobalSection(ExtensibilityGlobals) = postSolution
		SolutionGuid = {23E7E7F1-ADC1-4C1C-87F2-81C1B403BB5B}
	EndGlobalSection
EndGlobal
